
Microsoft Visual Studio Solution File, Format Version 12.00
# Visual Studio Version 16
Project("{2150E333-8FDC-42A3-9474-1A3956D46DE8}") = "CMakePredefinedTargets", "CMakePredefinedTargets", "{1D176D6A-A851-38F5-A35E-CE6839AF0CCF}"
EndProject
Project("{8BC9CEB8-8B4A-11D0-8D11-00A0C91BC942}") = "testbed", "testbed\testbed.vcxproj", "{3FFB59B4-0330-3865-B7EF-CEFA0A5F7FD5}"
	ProjectSection(ProjectDependencies) = postProject
		{CF3F7137-BB72-3433-8B47-425441E2E9A7} = {CF3F7137-BB72-3433-8B47-425441E2E9A7}
		{CE9CBF1C-3FB8-3290-BC5E-85AC2DB31EAB} = {CE9CBF1C-3FB8-3290-BC5E-85AC2DB31EAB}
		{E2BEEFCE-30D4-3ED6-A59D-6549C1E4836C} = {E2BEEFCE-30D4-3ED6-A59D-6549C1E4836C}
		{897ABBD3-6DC5-3BCB-88F8-0EA99FA81E9A} = {897ABBD3-6DC5-3BCB-88F8-0EA99FA81E9A}
		{9B2DD14D-A1D6-3C3F-9F3C-0D57F6D6482D} = {9B2DD14D-A1D6-3C3F-9F3C-0D57F6D6482D}
		{038C7DF0-0A71-3F7B-A2E3-83A3C796B56D} = {038C7DF0-0A71-3F7B-A2E3-83A3C796B56D}
	EndProjectSection
EndProject
Project("{8BC9CEB8-8B4A-11D0-8D11-00A0C91BC942}") = "ALL_BUILD", "ALL_BUILD.vcxproj", "{2D068944-82F9-3867-B775-97C77ABDE90E}"
	ProjectSection(ProjectDependencies) = postProject
		{CF3F7137-BB72-3433-8B47-425441E2E9A7} = {CF3F7137-BB72-3433-8B47-425441E2E9A7}
		{CE9CBF1C-3FB8-3290-BC5E-85AC2DB31EAB} = {CE9CBF1C-3FB8-3290-BC5E-85AC2DB31EAB}
		{E2BEEFCE-30D4-3ED6-A59D-6549C1E4836C} = {E2BEEFCE-30D4-3ED6-A59D-6549C1E4836C}
		{897ABBD3-6DC5-3BCB-88F8-0EA99FA81E9A} = {897ABBD3-6DC5-3BCB-88F8-0EA99FA81E9A}
		{9B2DD14D-A1D6-3C3F-9F3C-0D57F6D6482D} = {9B2DD14D-A1D6-3C3F-9F3C-0D57F6D6482D}
		{038C7DF0-0A71-3F7B-A2E3-83A3C796B56D} = {038C7DF0-0A71-3F7B-A2E3-83A3C796B56D}
		{3FFB59B4-0330-3865-B7EF-CEFA0A5F7FD5} = {3FFB59B4-0330-3865-B7EF-CEFA0A5F7FD5}
		{82B6F89A-4855-30BE-A4FE-EE06C6DF1045} = {82B6F89A-4855-30BE-A4FE-EE06C6DF1045}
	EndProjectSection
EndProject
Project("{8BC9CEB8-8B4A-11D0-8D11-00A0C91BC942}") = "ZERO_CHECK", "ZERO_CHECK.vcxproj", "{CF3F7137-BB72-3433-8B47-425441E2E9A7}"
	ProjectSection(ProjectDependencies) = postProject
	EndProjectSection
EndProject
Project("{8BC9CEB8-8B4A-11D0-8D11-00A0C91BC942}") = "box2d", "src\box2d.vcxproj", "{CE9CBF1C-3FB8-3290-BC5E-85AC2DB31EAB}"
	ProjectSection(ProjectDependencies) = postProject
		{CF3F7137-BB72-3433-8B47-425441E2E9A7} = {CF3F7137-BB72-3433-8B47-425441E2E9A7}
	EndProjectSection
EndProject
Project("{8BC9CEB8-8B4A-11D0-8D11-00A0C91BC942}") = "glad", "extern\glad\glad.vcxproj", "{E2BEEFCE-30D4-3ED6-A59D-6549C1E4836C}"
	ProjectSection(ProjectDependencies) = postProject
		{CF3F7137-BB72-3433-8B47-425441E2E9A7} = {CF3F7137-BB72-3433-8B47-425441E2E9A7}
	EndProjectSection
EndProject
Project("{8BC9CEB8-8B4A-11D0-8D11-00A0C91BC942}") = "glfw", "extern\glfw\glfw.vcxproj", "{897ABBD3-6DC5-3BCB-88F8-0EA99FA81E9A}"
	ProjectSection(ProjectDependencies) = postProject
		{CF3F7137-BB72-3433-8B47-425441E2E9A7} = {CF3F7137-BB72-3433-8B47-425441E2E9A7}
	EndProjectSection
EndProject
Project("{8BC9CEB8-8B4A-11D0-8D11-00A0C91BC942}") = "imgui", "extern\imgui\imgui.vcxproj", "{9B2DD14D-A1D6-3C3F-9F3C-0D57F6D6482D}"
	ProjectSection(ProjectDependencies) = postProject
		{CF3F7137-BB72-3433-8B47-425441E2E9A7} = {CF3F7137-BB72-3433-8B47-425441E2E9A7}
	EndProjectSection
EndProject
Project("{8BC9CEB8-8B4A-11D0-8D11-00A0C91BC942}") = "sajson", "extern\sajson\sajson.vcxproj", "{038C7DF0-0A71-3F7B-A2E3-83A3C796B56D}"
	ProjectSection(ProjectDependencies) = postProject
		{CF3F7137-BB72-3433-8B47-425441E2E9A7} = {CF3F7137-BB72-3433-8B47-425441E2E9A7}
	EndProjectSection
EndProject
Project("{8BC9CEB8-8B4A-11D0-8D11-00A0C91BC942}") = "unit_test", "unit-test\unit_test.vcxproj", "{82B6F89A-4855-30BE-A4FE-EE06C6DF1045}"
	ProjectSection(ProjectDependencies) = postProject
		{CF3F7137-BB72-3433-8B47-425441E2E9A7} = {CF3F7137-BB72-3433-8B47-425441E2E9A7}
		{CE9CBF1C-3FB8-3290-BC5E-85AC2DB31EAB} = {CE9CBF1C-3FB8-3290-BC5E-85AC2DB31EAB}
	EndProjectSection
EndProject
Global
	GlobalSection(SolutionConfigurationPlatforms) = preSolution
		Debug|x64 = Debug|x64
		Release|x64 = Release|x64
		MinSizeRel|x64 = MinSizeRel|x64
		RelWithDebInfo|x64 = RelWithDebInfo|x64
	EndGlobalSection
	GlobalSection(ProjectConfigurationPlatforms) = postSolution
		{3FFB59B4-0330-3865-B7EF-CEFA0A5F7FD5}.Debug|x64.ActiveCfg = Debug|x64
		{3FFB59B4-0330-3865-B7EF-CEFA0A5F7FD5}.Debug|x64.Build.0 = Debug|x64
		{3FFB59B4-0330-3865-B7EF-CEFA0A5F7FD5}.Release|x64.ActiveCfg = Release|x64
		{3FFB59B4-0330-3865-B7EF-CEFA0A5F7FD5}.Release|x64.Build.0 = Release|x64
		{3FFB59B4-0330-3865-B7EF-CEFA0A5F7FD5}.MinSizeRel|x64.ActiveCfg = MinSizeRel|x64
		{3FFB59B4-0330-3865-B7EF-CEFA0A5F7FD5}.MinSizeRel|x64.Build.0 = MinSizeRel|x64
		{3FFB59B4-0330-3865-B7EF-CEFA0A5F7FD5}.RelWithDebInfo|x64.ActiveCfg = RelWithDebInfo|x64
		{3FFB59B4-0330-3865-B7EF-CEFA0A5F7FD5}.RelWithDebInfo|x64.Build.0 = RelWithDebInfo|x64
		{2D068944-82F9-3867-B775-97C77ABDE90E}.Debug|x64.ActiveCfg = Debug|x64
		{2D068944-82F9-3867-B775-97C77ABDE90E}.Release|x64.ActiveCfg = Release|x64
		{2D068944-82F9-3867-B775-97C77ABDE90E}.MinSizeRel|x64.ActiveCfg = MinSizeRel|x64
		{2D068944-82F9-3867-B775-97C77ABDE90E}.RelWithDebInfo|x64.ActiveCfg = RelWithDebInfo|x64
		{CF3F7137-BB72-3433-8B47-425441E2E9A7}.Debug|x64.ActiveCfg = Debug|x64
		{CF3F7137-BB72-3433-8B47-425441E2E9A7}.Debug|x64.Build.0 = Debug|x64
		{CF3F7137-BB72-3433-8B47-425441E2E9A7}.Release|x64.ActiveCfg = Release|x64
		{CF3F7137-BB72-3433-8B47-425441E2E9A7}.Release|x64.Build.0 = Release|x64
		{CF3F7137-BB72-3433-8B47-425441E2E9A7}.MinSizeRel|x64.ActiveCfg = MinSizeRel|x64
		{CF3F7137-BB72-3433-8B47-425441E2E9A7}.MinSizeRel|x64.Build.0 = MinSizeRel|x64
		{CF3F7137-BB72-3433-8B47-425441E2E9A7}.RelWithDebInfo|x64.ActiveCfg = RelWithDebInfo|x64
		{CF3F7137-BB72-3433-8B47-425441E2E9A7}.RelWithDebInfo|x64.Build.0 = RelWithDebInfo|x64
		{CE9CBF1C-3FB8-3290-BC5E-85AC2DB31EAB}.Debug|x64.ActiveCfg = Debug|x64
		{CE9CBF1C-3FB8-3290-BC5E-85AC2DB31EAB}.Debug|x64.Build.0 = Debug|x64
		{CE9CBF1C-3FB8-3290-BC5E-85AC2DB31EAB}.Release|x64.ActiveCfg = Release|x64
		{CE9CBF1C-3FB8-3290-BC5E-85AC2DB31EAB}.Release|x64.Build.0 = Release|x64
		{CE9CBF1C-3FB8-3290-BC5E-85AC2DB31EAB}.MinSizeRel|x64.ActiveCfg = MinSizeRel|x64
		{CE9CBF1C-3FB8-3290-BC5E-85AC2DB31EAB}.MinSizeRel|x64.Build.0 = MinSizeRel|x64
		{CE9CBF1C-3FB8-3290-BC5E-85AC2DB31EAB}.RelWithDebInfo|x64.ActiveCfg = RelWithDebInfo|x64
		{CE9CBF1C-3FB8-3290-BC5E-85AC2DB31EAB}.RelWithDebInfo|x64.Build.0 = RelWithDebInfo|x64
		{E2BEEFCE-30D4-3ED6-A59D-6549C1E4836C}.Debug|x64.ActiveCfg = Debug|x64
		{E2BEEFCE-30D4-3ED6-A59D-6549C1E4836C}.Debug|x64.Build.0 = Debug|x64
		{E2BEEFCE-30D4-3ED6-A59D-6549C1E4836C}.Release|x64.ActiveCfg = Release|x64
		{E2BEEFCE-30D4-3ED6-A59D-6549C1E4836C}.Release|x64.Build.0 = Release|x64
		{E2BEEFCE-30D4-3ED6-A59D-6549C1E4836C}.MinSizeRel|x64.ActiveCfg = MinSizeRel|x64
		{E2BEEFCE-30D4-3ED6-A59D-6549C1E4836C}.MinSizeRel|x64.Build.0 = MinSizeRel|x64
		{E2BEEFCE-30D4-3ED6-A59D-6549C1E4836C}.RelWithDebInfo|x64.ActiveCfg = RelWithDebInfo|x64
		{E2BEEFCE-30D4-3ED6-A59D-6549C1E4836C}.RelWithDebInfo|x64.Build.0 = RelWithDebInfo|x64
		{897ABBD3-6DC5-3BCB-88F8-0EA99FA81E9A}.Debug|x64.ActiveCfg = Debug|x64
		{897ABBD3-6DC5-3BCB-88F8-0EA99FA81E9A}.Debug|x64.Build.0 = Debug|x64
		{897ABBD3-6DC5-3BCB-88F8-0EA99FA81E9A}.Release|x64.ActiveCfg = Release|x64
		{897ABBD3-6DC5-3BCB-88F8-0EA99FA81E9A}.Release|x64.Build.0 = Release|x64
		{897ABBD3-6DC5-3BCB-88F8-0EA99FA81E9A}.MinSizeRel|x64.ActiveCfg = MinSizeRel|x64
		{897ABBD3-6DC5-3BCB-88F8-0EA99FA81E9A}.MinSizeRel|x64.Build.0 = MinSizeRel|x64
		{897ABBD3-6DC5-3BCB-88F8-0EA99FA81E9A}.RelWithDebInfo|x64.ActiveCfg = RelWithDebInfo|x64
		{897ABBD3-6DC5-3BCB-88F8-0EA99FA81E9A}.RelWithDebInfo|x64.Build.0 = RelWithDebInfo|x64
		{9B2DD14D-A1D6-3C3F-9F3C-0D57F6D6482D}.Debug|x64.ActiveCfg = Debug|x64
		{9B2DD14D-A1D6-3C3F-9F3C-0D57F6D6482D}.Debug|x64.Build.0 = Debug|x64
		{9B2DD14D-A1D6-3C3F-9F3C-0D57F6D6482D}.Release|x64.ActiveCfg = Release|x64
		{9B2DD14D-A1D6-3C3F-9F3C-0D57F6D6482D}.Release|x64.Build.0 = Release|x64
		{9B2DD14D-A1D6-3C3F-9F3C-0D57F6D6482D}.MinSizeRel|x64.ActiveCfg = MinSizeRel|x64
		{9B2DD14D-A1D6-3C3F-9F3C-0D57F6D6482D}.MinSizeRel|x64.Build.0 = MinSizeRel|x64
		{9B2DD14D-A1D6-3C3F-9F3C-0D57F6D6482D}.RelWithDebInfo|x64.ActiveCfg = RelWithDebInfo|x64
		{9B2DD14D-A1D6-3C3F-9F3C-0D57F6D6482D}.RelWithDebInfo|x64.Build.0 = RelWithDebInfo|x64
		{038C7DF0-0A71-3F7B-A2E3-83A3C796B56D}.Debug|x64.ActiveCfg = Debug|x64
		{038C7DF0-0A71-3F7B-A2E3-83A3C796B56D}.Debug|x64.Build.0 = Debug|x64
		{038C7DF0-0A71-3F7B-A2E3-83A3C796B56D}.Release|x64.ActiveCfg = Release|x64
		{038C7DF0-0A71-3F7B-A2E3-83A3C796B56D}.Release|x64.Build.0 = Release|x64
		{038C7DF0-0A71-3F7B-A2E3-83A3C796B56D}.MinSizeRel|x64.ActiveCfg = MinSizeRel|x64
		{038C7DF0-0A71-3F7B-A2E3-83A3C796B56D}.MinSizeRel|x64.Build.0 = MinSizeRel|x64
		{038C7DF0-0A71-3F7B-A2E3-83A3C796B56D}.RelWithDebInfo|x64.ActiveCfg = RelWithDebInfo|x64
		{038C7DF0-0A71-3F7B-A2E3-83A3C796B56D}.RelWithDebInfo|x64.Build.0 = RelWithDebInfo|x64
		{82B6F89A-4855-30BE-A4FE-EE06C6DF1045}.Debug|x64.ActiveCfg = Debug|x64
		{82B6F89A-4855-30BE-A4FE-EE06C6DF1045}.Debug|x64.Build.0 = Debug|x64
		{82B6F89A-4855-30BE-A4FE-EE06C6DF1045}.Release|x64.ActiveCfg = Release|x64
		{82B6F89A-4855-30BE-A4FE-EE06C6DF1045}.Release|x64.Build.0 = Release|x64
		{82B6F89A-4855-30BE-A4FE-EE06C6DF1045}.MinSizeRel|x64.ActiveCfg = MinSizeRel|x64
		{82B6F89A-4855-30BE-A4FE-EE06C6DF1045}.MinSizeRel|x64.Build.0 = MinSizeRel|x64
		{82B6F89A-4855-30BE-A4FE-EE06C6DF1045}.RelWithDebInfo|x64.ActiveCfg = RelWithDebInfo|x64
		{82B6F89A-4855-30BE-A4FE-EE06C6DF1045}.RelWithDebInfo|x64.Build.0 = RelWithDebInfo|x64
	EndGlobalSection
	GlobalSection(NestedProjects) = preSolution
		{2D068944-82F9-3867-B775-97C77ABDE90E} = {1D176D6A-A851-38F5-A35E-CE6839AF0CCF}
		{CF3F7137-BB72-3433-8B47-425441E2E9A7} = {1D176D6A-A851-38F5-A35E-CE6839AF0CCF}
	EndGlobalSection
	GlobalSection(ExtensibilityGlobals) = postSolution
		SolutionGuid = {0C5B25CD-178B-381D-B8BE-7FA1857F017E}
	EndGlobalSection
	GlobalSection(ExtensibilityAddIns) = postSolution
	EndGlobalSection
EndGlobal
